Microsoft Visual Studio Solution File, Format Version 11.00
# Visual Studio 2008

Project("{7BCEB12C-0F14-844E-1D30-1E119D5082E9}") = "GGJ2016Project", "Assembly-CSharp.csproj", "{CE56E916-1215-9884-1B2C-7E8171EDE0C2}"
EndProject
Project("{7BCEB12C-0F14-844E-1D30-1E119D5082E9}") = "GGJ2016Project", "Assembly-CSharp-Editor.csproj", "{AD463217-6EE8-98A2-4FD7-D8C968D35039}"
EndProject
Project("{7BCEB12C-0F14-844E-1D30-1E119D5082E9}") = "GGJ2016Project", "Assembly-UnityScript-firstpass.unityproj", "{917620F9-49B5-1130-A626-6C121F80BC03}"
EndProject
Global
	GlobalSection(SolutionConfigurationPlatforms) = preSolution
		Debug|Any CPU = Debug|Any CPU
		Release|Any CPU = Release|Any CPU
	EndGlobalSection
	GlobalSection(ProjectConfigurationPlatforms) = postSolution
		{CE56E916-1215-9884-1B2C-7E8171EDE0C2}.Debug|Any CPU.ActiveCfg = Debug|Any CPU
		{CE56E916-1215-9884-1B2C-7E8171EDE0C2}.Debug|Any CPU.Build.0 = Debug|Any CPU
		{CE56E916-1215-9884-1B2C-7E8171EDE0C2}.Release|Any CPU.ActiveCfg = Release|Any CPU
		{CE56E916-1215-9884-1B2C-7E8171EDE0C2}.Release|Any CPU.Build.0 = Release|Any CPU
		{AD463217-6EE8-98A2-4FD7-D8C968D35039}.Debug|Any CPU.ActiveCfg = Debug|Any CPU
		{AD463217-6EE8-98A2-4FD7-D8C968D35039}.Debug|Any CPU.Build.0 = Debug|Any CPU
		{AD463217-6EE8-98A2-4FD7-D8C968D35039}.Release|Any CPU.ActiveCfg = Release|Any CPU
		{AD463217-6EE8-98A2-4FD7-D8C968D35039}.Release|Any CPU.Build.0 = Release|Any CPU
		{917620F9-49B5-1130-A626-6C121F80BC03}.Debug|Any CPU.ActiveCfg = Debug|Any CPU
		{917620F9-49B5-1130-A626-6C121F80BC03}.Debug|Any CPU.Build.0 = Debug|Any CPU
		{917620F9-49B5-1130-A626-6C121F80BC03}.Release|Any CPU.ActiveCfg = Release|Any CPU
		{917620F9-49B5-1130-A626-6C121F80BC03}.Release|Any CPU.Build.0 = Release|Any CPU
	EndGlobalSection
	GlobalSection(SolutionProperties) = preSolution
		HideSolutionNode = FALSE
	EndGlobalSection
															GlobalSection(MonoDevelopProperties) = preSolution
		StartupItem = Assembly-CSharp.csproj
		Policies = $0
		$0.TextStylePolicy = $1
		$1.inheritsSet = null
		$1.scope = text/x-csharp
		$0.CSharpFormattingPolicy = $2
		$2.inheritsSet = Mono
		$2.inheritsScope = text/x-csharp
		$2.scope = text/x-csharp
		$0.TextStylePolicy = $3
		$3.FileWidth = 120
		$3.TabWidth = 4
		$3.EolMarker = Unix
		$3.inheritsSet = Mono
		$3.inheritsScope = text/plain
		$3.scope = text/plain
	EndGlobalSection

EndGlobal
